
Microsoft Visual Studio Solution File, Format Version 12.00
# Visual Studio Version 17
VisualStudioVersion = 17.0.31903.59
MinimumVisualStudioVersion = 10.0.40219.1
Project("{2150E333-8FDC-42A3-9474-1A3956D46DE8}") = "src", "src", "{827E0CD3-B72D-47B6-A68D-7590B98EB39B}"
EndProject
Project("{FAE04EC0-301F-11D3-BF4B-00C04F79EFBC}") = "OutboxCore", "src\OutboxCore\OutboxCore.csproj", "{988BEB1C-4240-4C51-AA09-14703EDA26CF}"
EndProject
Project("{FAE04EC0-301F-11D3-BF4B-00C04F79EFBC}") = "OutboxCore.EntityFrameworkCore", "src\OutboxCore.EntityFrameworkCore\OutboxCore.EntityFrameworkCore.csproj", "{A17F7F47-8BE1-48B6-817A-CC9C5D197C7E}"
EndProject
Project("{FAE04EC0-301F-11D3-BF4B-00C04F79EFBC}") = "OutboxCore.RabbitMQ", "src\OutboxCore.RabbitMQ\OutboxCore.RabbitMQ.csproj", "{30B24394-ACD3-4290-8A7E-2CF3969DD373}"
EndProject
Project("{FAE04EC0-301F-11D3-BF4B-00C04F79EFBC}") = "OutboxCore.Sample.WebApi", "samples\OutboxCore.Sample.WebApi\OutboxCore.Sample.WebApi.csproj", "{7C823FE0-66A2-48EB-9627-94B3234C7FBD}"
EndProject
Project("{FAE04EC0-301F-11D3-BF4B-00C04F79EFBC}") = "OutboxCore.Tests.Unit", "tests\OutboxCore.Tests.Unit\OutboxCore.Tests.Unit.csproj", "{47653A81-7C35-4285-A95B-55ED67DCCE83}"
EndProject
Project("{FAE04EC0-301F-11D3-BF4B-00C04F79EFBC}") = "OutboxCore.Tests.Integration", "tests\OutboxCore.Tests.Integration\OutboxCore.Tests.Integration.csproj", "{D2EFB5AF-4375-4AB3-AD30-B2C3CCA771CA}"
EndProject
Project("{FAE04EC0-301F-11D3-BF4B-00C04F79EFBC}") = "OutboxCore.Dapper", "src\OutboxCore.Dapper\OutboxCore.Dapper.csproj", "{C33A4FE4-92A8-4780-823F-EE4F9052B967}"
EndProject
Project("{FAE04EC0-301F-11D3-BF4B-00C04F79EFBC}") = "OutboxCore.Kafka", "src\OutboxCore.Kafka\OutboxCore.Kafka.csproj", "{2AB03248-94DE-4CA5-87D9-8F8A235EAF22}"
EndProject
Project("{2150E333-8FDC-42A3-9474-1A3956D46DE8}") = "tests", "tests", "{0AB3BF05-4346-4AA6-1389-037BE0695223}"
EndProject
Project("{FAE04EC0-301F-11D3-BF4B-00C04F79EFBC}") = "OutboxCore.Tests.E2e", "tests\OutboxCore.Tests.E2e\OutboxCore.Tests.E2e.csproj", "{C7FC3BFE-A908-46A5-AD47-3733ADFA15DF}"
EndProject
Global
	GlobalSection(SolutionConfigurationPlatforms) = preSolution
		Debug|Any CPU = Debug|Any CPU
		Debug|x64 = Debug|x64
		Debug|x86 = Debug|x86
		Release|Any CPU = Release|Any CPU
		Release|x64 = Release|x64
		Release|x86 = Release|x86
	EndGlobalSection
	GlobalSection(ProjectConfigurationPlatforms) = postSolution
		{988BEB1C-4240-4C51-AA09-14703EDA26CF}.Debug|Any CPU.ActiveCfg = Debug|Any CPU
		{988BEB1C-4240-4C51-AA09-14703EDA26CF}.Debug|Any CPU.Build.0 = Debug|Any CPU
		{988BEB1C-4240-4C51-AA09-14703EDA26CF}.Debug|x64.ActiveCfg = Debug|Any CPU
		{988BEB1C-4240-4C51-AA09-14703EDA26CF}.Debug|x64.Build.0 = Debug|Any CPU
		{988BEB1C-4240-4C51-AA09-14703EDA26CF}.Debug|x86.ActiveCfg = Debug|Any CPU
		{988BEB1C-4240-4C51-AA09-14703EDA26CF}.Debug|x86.Build.0 = Debug|Any CPU
		{988BEB1C-4240-4C51-AA09-14703EDA26CF}.Release|Any CPU.ActiveCfg = Release|Any CPU
		{988BEB1C-4240-4C51-AA09-14703EDA26CF}.Release|Any CPU.Build.0 = Release|Any CPU
		{988BEB1C-4240-4C51-AA09-14703EDA26CF}.Release|x64.ActiveCfg = Release|Any CPU
		{988BEB1C-4240-4C51-AA09-14703EDA26CF}.Release|x64.Build.0 = Release|Any CPU
		{988BEB1C-4240-4C51-AA09-14703EDA26CF}.Release|x86.ActiveCfg = Release|Any CPU
		{988BEB1C-4240-4C51-AA09-14703EDA26CF}.Release|x86.Build.0 = Release|Any CPU
		{A17F7F47-8BE1-48B6-817A-CC9C5D197C7E}.Debug|Any CPU.ActiveCfg = Debug|Any CPU
		{A17F7F47-8BE1-48B6-817A-CC9C5D197C7E}.Debug|Any CPU.Build.0 = Debug|Any CPU
		{A17F7F47-8BE1-48B6-817A-CC9C5D197C7E}.Debug|x64.ActiveCfg = Debug|Any CPU
		{A17F7F47-8BE1-48B6-817A-CC9C5D197C7E}.Debug|x64.Build.0 = Debug|Any CPU
		{A17F7F47-8BE1-48B6-817A-CC9C5D197C7E}.Debug|x86.ActiveCfg = Debug|Any CPU
		{A17F7F47-8BE1-48B6-817A-CC9C5D197C7E}.Debug|x86.Build.0 = Debug|Any CPU
		{A17F7F47-8BE1-48B6-817A-CC9C5D197C7E}.Release|Any CPU.ActiveCfg = Release|Any CPU
		{A17F7F47-8BE1-48B6-817A-CC9C5D197C7E}.Release|Any CPU.Build.0 = Release|Any CPU
		{A17F7F47-8BE1-48B6-817A-CC9C5D197C7E}.Release|x64.ActiveCfg = Release|Any CPU
		{A17F7F47-8BE1-48B6-817A-CC9C5D197C7E}.Release|x64.Build.0 = Release|Any CPU
		{A17F7F47-8BE1-48B6-817A-CC9C5D197C7E}.Release|x86.ActiveCfg = Release|Any CPU
		{A17F7F47-8BE1-48B6-817A-CC9C5D197C7E}.Release|x86.Build.0 = Release|Any CPU
		{30B24394-ACD3-4290-8A7E-2CF3969DD373}.Debug|Any CPU.ActiveCfg = Debug|Any CPU
		{30B24394-ACD3-4290-8A7E-2CF3969DD373}.Debug|Any CPU.Build.0 = Debug|Any CPU
		{30B24394-ACD3-4290-8A7E-2CF3969DD373}.Debug|x64.ActiveCfg = Debug|Any CPU
		{30B24394-ACD3-4290-8A7E-2CF3969DD373}.Debug|x64.Build.0 = Debug|Any CPU
		{30B24394-ACD3-4290-8A7E-2CF3969DD373}.Debug|x86.ActiveCfg = Debug|Any CPU
		{30B24394-ACD3-4290-8A7E-2CF3969DD373}.Debug|x86.Build.0 = Debug|Any CPU
		{30B24394-ACD3-4290-8A7E-2CF3969DD373}.Release|Any CPU.ActiveCfg = Release|Any CPU
		{30B24394-ACD3-4290-8A7E-2CF3969DD373}.Release|Any CPU.Build.0 = Release|Any CPU
		{30B24394-ACD3-4290-8A7E-2CF3969DD373}.Release|x64.ActiveCfg = Release|Any CPU
		{30B24394-ACD3-4290-8A7E-2CF3969DD373}.Release|x64.Build.0 = Release|Any CPU
		{30B24394-ACD3-4290-8A7E-2CF3969DD373}.Release|x86.ActiveCfg = Release|Any CPU
		{30B24394-ACD3-4290-8A7E-2CF3969DD373}.Release|x86.Build.0 = Release|Any CPU
		{7C823FE0-66A2-48EB-9627-94B3234C7FBD}.Debug|Any CPU.ActiveCfg = Debug|Any CPU
		{7C823FE0-66A2-48EB-9627-94B3234C7FBD}.Debug|Any CPU.Build.0 = Debug|Any CPU
		{7C823FE0-66A2-48EB-9627-94B3234C7FBD}.Debug|x64.ActiveCfg = Debug|Any CPU
		{7C823FE0-66A2-48EB-9627-94B3234C7FBD}.Debug|x64.Build.0 = Debug|Any CPU
		{7C823FE0-66A2-48EB-9627-94B3234C7FBD}.Debug|x86.ActiveCfg = Debug|Any CPU
		{7C823FE0-66A2-48EB-9627-94B3234C7FBD}.Debug|x86.Build.0 = Debug|Any CPU
		{7C823FE0-66A2-48EB-9627-94B3234C7FBD}.Release|Any CPU.ActiveCfg = Release|Any CPU
		{7C823FE0-66A2-48EB-9627-94B3234C7FBD}.Release|Any CPU.Build.0 = Release|Any CPU
		{7C823FE0-66A2-48EB-9627-94B3234C7FBD}.Release|x64.ActiveCfg = Release|Any CPU
		{7C823FE0-66A2-48EB-9627-94B3234C7FBD}.Release|x64.Build.0 = Release|Any CPU
		{7C823FE0-66A2-48EB-9627-94B3234C7FBD}.Release|x86.ActiveCfg = Release|Any CPU
		{7C823FE0-66A2-48EB-9627-94B3234C7FBD}.Release|x86.Build.0 = Release|Any CPU
		{47653A81-7C35-4285-A95B-55ED67DCCE83}.Debug|Any CPU.ActiveCfg = Debug|Any CPU
		{47653A81-7C35-4285-A95B-55ED67DCCE83}.Debug|Any CPU.Build.0 = Debug|Any CPU
		{47653A81-7C35-4285-A95B-55ED67DCCE83}.Debug|x64.ActiveCfg = Debug|Any CPU
		{47653A81-7C35-4285-A95B-55ED67DCCE83}.Debug|x64.Build.0 = Debug|Any CPU
		{47653A81-7C35-4285-A95B-55ED67DCCE83}.Debug|x86.ActiveCfg = Debug|Any CPU
		{47653A81-7C35-4285-A95B-55ED67DCCE83}.Debug|x86.Build.0 = Debug|Any CPU
		{47653A81-7C35-4285-A95B-55ED67DCCE83}.Release|Any CPU.ActiveCfg = Release|Any CPU
		{47653A81-7C35-4285-A95B-55ED67DCCE83}.Release|Any CPU.Build.0 = Release|Any CPU
		{47653A81-7C35-4285-A95B-55ED67DCCE83}.Release|x64.ActiveCfg = Release|Any CPU
		{47653A81-7C35-4285-A95B-55ED67DCCE83}.Release|x64.Build.0 = Release|Any CPU
		{47653A81-7C35-4285-A95B-55ED67DCCE83}.Release|x86.ActiveCfg = Release|Any CPU
		{47653A81-7C35-4285-A95B-55ED67DCCE83}.Release|x86.Build.0 = Release|Any CPU
		{D2EFB5AF-4375-4AB3-AD30-B2C3CCA771CA}.Debug|Any CPU.ActiveCfg = Debug|Any CPU
		{D2EFB5AF-4375-4AB3-AD30-B2C3CCA771CA}.Debug|Any CPU.Build.0 = Debug|Any CPU
		{D2EFB5AF-4375-4AB3-AD30-B2C3CCA771CA}.Debug|x64.ActiveCfg = Debug|Any CPU
		{D2EFB5AF-4375-4AB3-AD30-B2C3CCA771CA}.Debug|x64.Build.0 = Debug|Any CPU
		{D2EFB5AF-4375-4AB3-AD30-B2C3CCA771CA}.Debug|x86.ActiveCfg = Debug|Any CPU
		{D2EFB5AF-4375-4AB3-AD30-B2C3CCA771CA}.Debug|x86.Build.0 = Debug|Any CPU
		{D2EFB5AF-4375-4AB3-AD30-B2C3CCA771CA}.Release|Any CPU.ActiveCfg = Release|Any CPU
		{D2EFB5AF-4375-4AB3-AD30-B2C3CCA771CA}.Release|Any CPU.Build.0 = Release|Any CPU
		{D2EFB5AF-4375-4AB3-AD30-B2C3CCA771CA}.Release|x64.ActiveCfg = Release|Any CPU
		{D2EFB5AF-4375-4AB3-AD30-B2C3CCA771CA}.Release|x64.Build.0 = Release|Any CPU
		{D2EFB5AF-4375-4AB3-AD30-B2C3CCA771CA}.Release|x86.ActiveCfg = Release|Any CPU
		{D2EFB5AF-4375-4AB3-AD30-B2C3CCA771CA}.Release|x86.Build.0 = Release|Any CPU
		{C33A4FE4-92A8-4780-823F-EE4F9052B967}.Debug|Any CPU.ActiveCfg = Debug|Any CPU
		{C33A4FE4-92A8-4780-823F-EE4F9052B967}.Debug|Any CPU.Build.0 = Debug|Any CPU
		{C33A4FE4-92A8-4780-823F-EE4F9052B967}.Debug|x64.ActiveCfg = Debug|Any CPU
		{C33A4FE4-92A8-4780-823F-EE4F9052B967}.Debug|x64.Build.0 = Debug|Any CPU
		{C33A4FE4-92A8-4780-823F-EE4F9052B967}.Debug|x86.ActiveCfg = Debug|Any CPU
		{C33A4FE4-92A8-4780-823F-EE4F9052B967}.Debug|x86.Build.0 = Debug|Any CPU
		{C33A4FE4-92A8-4780-823F-EE4F9052B967}.Release|Any CPU.ActiveCfg = Release|Any CPU
		{C33A4FE4-92A8-4780-823F-EE4F9052B967}.Release|Any CPU.Build.0 = Release|Any CPU
		{C33A4FE4-92A8-4780-823F-EE4F9052B967}.Release|x64.ActiveCfg = Release|Any CPU
		{C33A4FE4-92A8-4780-823F-EE4F9052B967}.Release|x64.Build.0 = Release|Any CPU
		{C33A4FE4-92A8-4780-823F-EE4F9052B967}.Release|x86.ActiveCfg = Release|Any CPU
		{C33A4FE4-92A8-4780-823F-EE4F9052B967}.Release|x86.Build.0 = Release|Any CPU
		{2AB03248-94DE-4CA5-87D9-8F8A235EAF22}.Debug|Any CPU.ActiveCfg = Debug|Any CPU
		{2AB03248-94DE-4CA5-87D9-8F8A235EAF22}.Debug|Any CPU.Build.0 = Debug|Any CPU
		{2AB03248-94DE-4CA5-87D9-8F8A235EAF22}.Debug|x64.ActiveCfg = Debug|Any CPU
		{2AB03248-94DE-4CA5-87D9-8F8A235EAF22}.Debug|x64.Build.0 = Debug|Any CPU
		{2AB03248-94DE-4CA5-87D9-8F8A235EAF22}.Debug|x86.ActiveCfg = Debug|Any CPU
		{2AB03248-94DE-4CA5-87D9-8F8A235EAF22}.Debug|x86.Build.0 = Debug|Any CPU
		{2AB03248-94DE-4CA5-87D9-8F8A235EAF22}.Release|Any CPU.ActiveCfg = Release|Any CPU
		{2AB03248-94DE-4CA5-87D9-8F8A235EAF22}.Release|Any CPU.Build.0 = Release|Any CPU
		{2AB03248-94DE-4CA5-87D9-8F8A235EAF22}.Release|x64.ActiveCfg = Release|Any CPU
		{2AB03248-94DE-4CA5-87D9-8F8A235EAF22}.Release|x64.Build.0 = Release|Any CPU
		{2AB03248-94DE-4CA5-87D9-8F8A235EAF22}.Release|x86.ActiveCfg = Release|Any CPU
		{2AB03248-94DE-4CA5-87D9-8F8A235EAF22}.Release|x86.Build.0 = Release|Any CPU
		{C7FC3BFE-A908-46A5-AD47-3733ADFA15DF}.Debug|Any CPU.ActiveCfg = Debug|Any CPU
		{C7FC3BFE-A908-46A5-AD47-3733ADFA15DF}.Debug|Any CPU.Build.0 = Debug|Any CPU
		{C7FC3BFE-A908-46A5-AD47-3733ADFA15DF}.Debug|x64.ActiveCfg = Debug|Any CPU
		{C7FC3BFE-A908-46A5-AD47-3733ADFA15DF}.Debug|x64.Build.0 = Debug|Any CPU
		{C7FC3BFE-A908-46A5-AD47-3733ADFA15DF}.Debug|x86.ActiveCfg = Debug|Any CPU
		{C7FC3BFE-A908-46A5-AD47-3733ADFA15DF}.Debug|x86.Build.0 = Debug|Any CPU
		{C7FC3BFE-A908-46A5-AD47-3733ADFA15DF}.Release|Any CPU.ActiveCfg = Release|Any CPU
		{C7FC3BFE-A908-46A5-AD47-3733ADFA15DF}.Release|Any CPU.Build.0 = Release|Any CPU
		{C7FC3BFE-A908-46A5-AD47-3733ADFA15DF}.Release|x64.ActiveCfg = Release|Any CPU
		{C7FC3BFE-A908-46A5-AD47-3733ADFA15DF}.Release|x64.Build.0 = Release|Any CPU
		{C7FC3BFE-A908-46A5-AD47-3733ADFA15DF}.Release|x86.ActiveCfg = Release|Any CPU
		{C7FC3BFE-A908-46A5-AD47-3733ADFA15DF}.Release|x86.Build.0 = Release|Any CPU
	EndGlobalSection
	GlobalSection(SolutionProperties) = preSolution
		HideSolutionNode = FALSE
	EndGlobalSection
	GlobalSection(NestedProjects) = preSolution
		{988BEB1C-4240-4C51-AA09-14703EDA26CF} = {827E0CD3-B72D-47B6-A68D-7590B98EB39B}
		{A17F7F47-8BE1-48B6-817A-CC9C5D197C7E} = {827E0CD3-B72D-47B6-A68D-7590B98EB39B}
		{30B24394-ACD3-4290-8A7E-2CF3969DD373} = {827E0CD3-B72D-47B6-A68D-7590B98EB39B}
		{7C823FE0-66A2-48EB-9627-94B3234C7FBD} = {827E0CD3-B72D-47B6-A68D-7590B98EB39B}
		{47653A81-7C35-4285-A95B-55ED67DCCE83} = {827E0CD3-B72D-47B6-A68D-7590B98EB39B}
		{D2EFB5AF-4375-4AB3-AD30-B2C3CCA771CA} = {827E0CD3-B72D-47B6-A68D-7590B98EB39B}
		{C33A4FE4-92A8-4780-823F-EE4F9052B967} = {827E0CD3-B72D-47B6-A68D-7590B98EB39B}
		{2AB03248-94DE-4CA5-87D9-8F8A235EAF22} = {827E0CD3-B72D-47B6-A68D-7590B98EB39B}
		{C7FC3BFE-A908-46A5-AD47-3733ADFA15DF} = {0AB3BF05-4346-4AA6-1389-037BE0695223}
	EndGlobalSection
EndGlobal
